
Microsoft Visual Studio Solution File, Format Version 12.00
# Visual Studio 15
VisualStudioVersion = 15.0.28307.572
MinimumVisualStudioVersion = 10.0.40219.1
Project("{FAE04EC0-301F-11D3-BF4B-00C04F79EFBC}") = "FormApp", "FormApp\FormApp.csproj", "{F94FA080-334B-480B-91A2-FC2915481754}"
EndProject
Project("{FAE04EC0-301F-11D3-BF4B-00C04F79EFBC}") = "FormApp.Data", "FormApp.Data\FormApp.Data.csproj", "{FDA48496-463A-4499-9E69-977BA748BACF}"
EndProject
Global
	GlobalSection(SolutionConfigurationPlatforms) = preSolution
		Debug|Any CPU = Debug|Any CPU
		Release|Any CPU = Release|Any CPU
	EndGlobalSection
	GlobalSection(ProjectConfigurationPlatforms) = postSolution
		{F94FA080-334B-480B-91A2-FC2915481754}.Debug|Any CPU.ActiveCfg = Debug|Any CPU
		{F94FA080-334B-480B-91A2-FC2915481754}.Debug|Any CPU.Build.0 = Debug|Any CPU
		{F94FA080-334B-480B-91A2-FC2915481754}.Release|Any CPU.ActiveCfg = Release|Any CPU
		{F94FA080-334B-480B-91A2-FC2915481754}.Release|Any CPU.Build.0 = Release|Any CPU
		{FDA48496-463A-4499-9E69-977BA748BACF}.Debug|Any CPU.ActiveCfg = Debug|Any CPU
		{FDA48496-463A-4499-9E69-977BA748BACF}.Debug|Any CPU.Build.0 = Debug|Any CPU
		{FDA48496-463A-4499-9E69-977BA748BACF}.Release|Any CPU.ActiveCfg = Release|Any CPU
		{FDA48496-463A-4499-9E69-977BA748BACF}.Release|Any CPU.Build.0 = Release|Any CPU
	EndGlobalSection
	GlobalSection(SolutionProperties) = preSolution
		HideSolutionNode = FALSE
	EndGlobalSection
	GlobalSection(ExtensibilityGlobals) = postSolution
		SolutionGuid = {A9223502-3AB8-41E2-9A1B-CD6751A96720}
	EndGlobalSection
EndGlobal
