
Microsoft Visual Studio Solution File, Format Version 12.00
# Visual Studio 15
VisualStudioVersion = 15.0.28307.572
MinimumVisualStudioVersion = 10.0.40219.1
Project("{FAE04EC0-301F-11D3-BF4B-00C04F79EFBC}") = "GuestBook", "GuestBook\GuestBook.csproj", "{7AB1184E-41C6-4AB7-A0A6-4FBF10F75492}"
EndProject
Project("{FAE04EC0-301F-11D3-BF4B-00C04F79EFBC}") = "GuestBook.Data", "GuestBook.Data\GuestBook.Data.csproj", "{473CCFA4-E04B-4873-951B-E9C1A96828D7}"
EndProject
Global
	GlobalSection(SolutionConfigurationPlatforms) = preSolution
		Debug|Any CPU = Debug|Any CPU
		Release|Any CPU = Release|Any CPU
	EndGlobalSection
	GlobalSection(ProjectConfigurationPlatforms) = postSolution
		{7AB1184E-41C6-4AB7-A0A6-4FBF10F75492}.Debug|Any CPU.ActiveCfg = Debug|Any CPU
		{7AB1184E-41C6-4AB7-A0A6-4FBF10F75492}.Debug|Any CPU.Build.0 = Debug|Any CPU
		{7AB1184E-41C6-4AB7-A0A6-4FBF10F75492}.Release|Any CPU.ActiveCfg = Release|Any CPU
		{7AB1184E-41C6-4AB7-A0A6-4FBF10F75492}.Release|Any CPU.Build.0 = Release|Any CPU
		{473CCFA4-E04B-4873-951B-E9C1A96828D7}.Debug|Any CPU.ActiveCfg = Debug|Any CPU
		{473CCFA4-E04B-4873-951B-E9C1A96828D7}.Debug|Any CPU.Build.0 = Debug|Any CPU
		{473CCFA4-E04B-4873-951B-E9C1A96828D7}.Release|Any CPU.ActiveCfg = Release|Any CPU
		{473CCFA4-E04B-4873-951B-E9C1A96828D7}.Release|Any CPU.Build.0 = Release|Any CPU
	EndGlobalSection
	GlobalSection(SolutionProperties) = preSolution
		HideSolutionNode = FALSE
	EndGlobalSection
	GlobalSection(ExtensibilityGlobals) = postSolution
		SolutionGuid = {5CD1D94B-5A61-4839-B23E-8325308F750F}
	EndGlobalSection
EndGlobal
